
Microsoft Visual Studio Solution File, Format Version 12.00
# Visual Studio Version 16
VisualStudioVersion = 16.0.31025.194
MinimumVisualStudioVersion = 10.0.40219.1
Project("{FAE04EC0-301F-11D3-BF4B-00C04F79EFBC}") = "ControlHrsConsultoria", "ControlHrsConsultoria.csproj", "{BCA3DE67-8814-49CD-8593-DD319BD10612}"
EndProject
Global
	GlobalSection(SolutionConfigurationPlatforms) = preSolution
		Debug|Any CPU = Debug|Any CPU
		Release|Any CPU = Release|Any CPU
	EndGlobalSection
	GlobalSection(ProjectConfigurationPlatforms) = postSolution
		{BCA3DE67-8814-49CD-8593-DD319BD10612}.Debug|Any CPU.ActiveCfg = Debug|Any CPU
		{BCA3DE67-8814-49CD-8593-DD319BD10612}.Debug|Any CPU.Build.0 = Debug|Any CPU
		{BCA3DE67-8814-49CD-8593-DD319BD10612}.Release|Any CPU.ActiveCfg = Release|Any CPU
		{BCA3DE67-8814-49CD-8593-DD319BD10612}.Release|Any CPU.Build.0 = Release|Any CPU
	EndGlobalSection
	GlobalSection(SolutionProperties) = preSolution
		HideSolutionNode = FALSE
	EndGlobalSection
	GlobalSection(ExtensibilityGlobals) = postSolution
		SolutionGuid = {685C5F6A-D35E-4ADF-B80E-200D583A274C}
	EndGlobalSection
EndGlobal
